<?xml version="1.0" encoding="utf-8"?>
<Project ToolsVersion="4.0" xmlns="http://schemas.microsoft.com/developer/msbuild/2003">
  <ItemGroup>
    <Filter Include="Source Files">
      <UniqueIdentifier>{88536afb-182b-443a-8db5-a1a0debcfcba}</UniqueIdentifier>
      <Extensions>cpp;c;cxx;rc;def;r;odl;idl;hpj;bat</Extensions>
    </Filter>
    <Filter Include="Header Files">
      <UniqueIdentifier>{086acc5b-0ec5-4524-9685-55caca4bdcb1}</UniqueIdentifier>
      <Extensions>h;hpp;hxx;hm;inl</Extensions>
    </Filter>
    <Filter Include="Resource Files">
      <UniqueIdentifier>{915a5870-7f8d-4aae-b14b-9cbfdf3a2d3e}</UniqueIdentifier>
      <Extensions>ico;cur;bmp;dlg;rc2;rct;bin;rgs;gif;jpg;jpeg;jpe</Extensions>
    </Filter>
  </ItemGroup>
  <ItemGroup>
    <ClCompile Include="..\src\Hello.cxx">
      <Filter>Source Files</Filter>
    </ClCompile>
    <ClCompile Include="..\src\HelloPublisher.cxx">
      <Filter>Source Files</Filter>
    </ClCompile>
    <ClCompile Include="..\src\HelloSubscriber.cxx">
      <Filter>Source Files</Filter>
    </ClCompile>
  </ItemGroup>
  <ItemGroup>
    <ClInclude Include="..\src\Hello.h">
      <Filter>Header Files</Filter>
    </ClInclude>
    <ClInclude Include="..\src\HelloPublisher.h">
      <Filter>Header Files</Filter>
    </ClInclude>
    <ClInclude Include="..\src\HelloSubscriber.h">
      <Filter>Header Files</Filter>
    </ClInclude>
  </ItemGroup>
</Project>