Microsoft Visual Studio Solution File, Format Version 11.00
# Visual C# Express 2010
Project("{FAE04EC0-301F-11D3-BF4B-00C04F79EFBC}") = "PrimeNumberRequester", "PrimeNumberRequester.csproj", "{DA114676-E58A-4105-BBBB-19DD32274D12}"
EndProject
Project("{FAE04EC0-301F-11D3-BF4B-00C04F79EFBC}") = "PrimeNumberReplier", "PrimeNumberReplier.csproj", "{0D2B995E-F4A7-41F9-9E6A-3FE7B6F16D28}"
EndProject
Global
	GlobalSection(SolutionConfigurationPlatforms) = preSolution
		Debug|Any CPU = Debug|Any CPU
		Debug|Mixed Platforms = Debug|Mixed Platforms
		Release|Any CPU = Release|Any CPU
		Release|Mixed Platforms = Release|Mixed Platforms
	EndGlobalSection
	GlobalSection(ProjectConfigurationPlatforms) = postSolution
		{DA114676-E58A-4105-BBBB-19DD32274D12}.Debug|Any CPU.ActiveCfg = Debug|Any CPU
		{DA114676-E58A-4105-BBBB-19DD32274D12}.Debug|Any CPU.Build.0 = Debug|Any CPU
		{DA114676-E58A-4105-BBBB-19DD32274D12}.Debug|Mixed Platforms.ActiveCfg = Debug|Any CPU
		{DA114676-E58A-4105-BBBB-19DD32274D12}.Debug|Mixed Platforms.Build.0 = Debug|Any CPU
		{DA114676-E58A-4105-BBBB-19DD32274D12}.Release|Any CPU.ActiveCfg = Release|Any CPU
		{DA114676-E58A-4105-BBBB-19DD32274D12}.Release|Any CPU.Build.0 = Release|Any CPU
		{DA114676-E58A-4105-BBBB-19DD32274D12}.Release|Mixed Platforms.ActiveCfg = Release|Any CPU
		{DA114676-E58A-4105-BBBB-19DD32274D12}.Release|Mixed Platforms.Build.0 = Release|Any CPU
	EndGlobalSection
	GlobalSection(SolutionProperties) = preSolution
		HideSolutionNode = FALSE
	EndGlobalSection
EndGlobal
