<?xml version="1.0" encoding="utf-8"?>
<Project ToolsVersion="4.0" xmlns="http://schemas.microsoft.com/developer/msbuild/2003">
  <ItemGroup>
    <Filter Include="Source Files">
      <UniqueIdentifier>{aeb53bbd-ba4e-4f30-a5e4-4b22be5bad1d}</UniqueIdentifier>
      <Extensions>cpp;c;cxx;rc;def;r;odl;idl;hpj;bat</Extensions>
    </Filter>
    <Filter Include="Header Files">
      <UniqueIdentifier>{7c0c164f-2d22-49db-a885-b85e0fea39a5}</UniqueIdentifier>
      <Extensions>h;hpp;hxx;hm;inl</Extensions>
    </Filter>
    <Filter Include="Resource Files">
      <UniqueIdentifier>{2c276de6-5d5f-4f2d-9a47-47ae33c6e95a}</UniqueIdentifier>
      <Extensions>ico;cur;bmp;dlg;rc2;rct;bin;rgs;gif;jpg;jpeg;jpe</Extensions>
    </Filter>
  </ItemGroup>
  <ItemGroup>
    <ClCompile Include="..\src\SampleParsing.c">
      <Filter>Source Files</Filter>
    </ClCompile>
    <ClCompile Include="..\src\socketadapter.c">
      <Filter>Source Files</Filter>
    </ClCompile>
    <ClCompile Include="..\src\SocketUtil.c">
      <Filter>Source Files</Filter>
    </ClCompile>
  </ItemGroup>
  <ItemGroup>
    <ClInclude Include="..\src\SampleParsing.h">
      <Filter>Header Files</Filter>
    </ClInclude>
    <ClInclude Include="..\src\SocketUtil.h">
      <Filter>Header Files</Filter>
    </ClInclude>
  </ItemGroup>
</Project>