<?xml version="1.0" encoding="utf-8"?>
<Project ToolsVersion="4.0" xmlns="http://schemas.microsoft.com/developer/msbuild/2003">
  <ItemGroup>
    <Filter Include="Source Files">
      <UniqueIdentifier>{46b7c4f9-038b-456e-8964-a26084fbdb01}</UniqueIdentifier>
      <Extensions>cpp;c;cxx;rc;def;r;odl;idl;hpj;bat</Extensions>
    </Filter>
    <Filter Include="Header Files">
      <UniqueIdentifier>{d099f036-4f65-425a-9f45-b5d527962f01}</UniqueIdentifier>
      <Extensions>h;hpp;hxx;hm;inl</Extensions>
    </Filter>
    <Filter Include="Resource Files">
      <UniqueIdentifier>{563c1797-2afa-48ec-a27d-a3426dc95f4e}</UniqueIdentifier>
      <Extensions>ico;cur;bmp;dlg;rc2;rct;bin;rgs;gif;jpg;jpeg;jpe</Extensions>
    </Filter>
  </ItemGroup>
  <ItemGroup>
    <ClCompile Include="..\src\SampleParsing.c">
      <Filter>Source Files</Filter>
    </ClCompile>
    <ClCompile Include="..\src\socketadapter.c">
      <Filter>Source Files</Filter>
    </ClCompile>
    <ClCompile Include="..\src\SocketUtil.c">
      <Filter>Source Files</Filter>
    </ClCompile>
  </ItemGroup>
  <ItemGroup>
    <ClInclude Include="..\src\SampleParsing.h">
      <Filter>Header Files</Filter>
    </ClInclude>
    <ClInclude Include="..\src\SocketUtil.h">
      <Filter>Header Files</Filter>
    </ClInclude>
  </ItemGroup>
</Project>