<?xml version="1.0" encoding="utf-8"?>
<Project ToolsVersion="4.0" xmlns="http://schemas.microsoft.com/developer/msbuild/2003">
  <ItemGroup>
    <Filter Include="Source Files">
      <UniqueIdentifier>{549ebc5f-0a3c-430e-aaa0-d81f582f28e5}</UniqueIdentifier>
      <Extensions>cpp;c;cxx;rc;def;r;odl;idl;hpj;bat</Extensions>
    </Filter>
    <Filter Include="Header Files">
      <UniqueIdentifier>{c5d0c44e-7935-4766-971c-2e0cb8a2bceb}</UniqueIdentifier>
      <Extensions>h;hpp;hxx;hm;inl</Extensions>
    </Filter>
    <Filter Include="Resource Files">
      <UniqueIdentifier>{3820c492-be9d-47eb-9a5d-59350095ef31}</UniqueIdentifier>
      <Extensions>ico;cur;bmp;dlg;rc2;rct;bin;rgs;gif;jpg;jpeg;jpe</Extensions>
    </Filter>
  </ItemGroup>
  <ItemGroup>
    <ClCompile Include="..\src\News.c">
      <Filter>Source Files</Filter>
    </ClCompile>
    <ClCompile Include="..\src\NewsPublisher.c">
      <Filter>Source Files</Filter>
    </ClCompile>
    <ClCompile Include="..\src\NewsSubscriber.c">
      <Filter>Source Files</Filter>
    </ClCompile>
  </ItemGroup>
  <ItemGroup>
    <ClInclude Include="..\src\News.h">
      <Filter>Header Files</Filter>
    </ClInclude>
    <ClInclude Include="..\src\NewsPublisher.h">
      <Filter>Header Files</Filter>
    </ClInclude>
    <ClInclude Include="..\src\NewsSubscriber.h">
      <Filter>Header Files</Filter>
    </ClInclude>
  </ItemGroup>
</Project>