<?xml version="1.0" encoding="utf-8"?>
<Project ToolsVersion="4.0" xmlns="http://schemas.microsoft.com/developer/msbuild/2003">
  <ItemGroup>
    <Filter Include="Source Files">
      <UniqueIdentifier>{54dc8492-6ff3-4a29-bc0f-90f264f489ce}</UniqueIdentifier>
      <Extensions>cpp;c;cxx;rc;def;r;odl;idl;hpj;bat</Extensions>
    </Filter>
    <Filter Include="Header Files">
      <UniqueIdentifier>{fdee107a-1dd3-46c1-87ca-827597333715}</UniqueIdentifier>
      <Extensions>h;hpp;hxx;hm;inl</Extensions>
    </Filter>
    <Filter Include="Resource Files">
      <UniqueIdentifier>{6e1f8276-17a5-49f9-aa24-8c89a72f3360}</UniqueIdentifier>
      <Extensions>ico;cur;bmp;dlg;rc2;rct;bin;rgs;gif;jpg;jpeg;jpe</Extensions>
    </Filter>
  </ItemGroup>
  <ItemGroup>
    <ClCompile Include="..\src\Hello.c">
      <Filter>Source Files</Filter>
    </ClCompile>
    <ClCompile Include="..\src\HelloPublisher.c">
      <Filter>Source Files</Filter>
    </ClCompile>
    <ClCompile Include="..\src\HelloSubscriber.c">
      <Filter>Source Files</Filter>
    </ClCompile>
    <ClCompile Include="..\src\HelloWorldType.c">
      <Filter>Source Files</Filter>
    </ClCompile>
  </ItemGroup>
  <ItemGroup>
    <ClInclude Include="..\src\Hello.h">
      <Filter>Header Files</Filter>
    </ClInclude>
    <ClInclude Include="..\src\HelloPublisher.h">
      <Filter>Header Files</Filter>
    </ClInclude>
    <ClInclude Include="..\src\HelloSubscriber.h">
      <Filter>Header Files</Filter>
    </ClInclude>
    <ClInclude Include="..\src\HelloWorldType.h">
      <Filter>Header Files</Filter>
    </ClInclude>
  </ItemGroup>
</Project>