<?xml version="1.0" encoding="utf-8"?>
<Project ToolsVersion="4.0" xmlns="http://schemas.microsoft.com/developer/msbuild/2003">
  <ItemGroup>
    <Filter Include="Header Files">
      <UniqueIdentifier>{19fb8055-de61-4360-a4b0-9699aa7a5d5f}</UniqueIdentifier>
      <Extensions>h;hpp;hxx;hm;inl</Extensions>
    </Filter>
    <Filter Include="Source Files">
      <UniqueIdentifier>{8fdfabd7-485d-45bb-872d-bdda6c5761d9}</UniqueIdentifier>
      <Extensions>ico;cur;bmp;dlg;rc2;rct;bin;rgs;gif;jpg;jpeg;jpe</Extensions>
    </Filter>
  </ItemGroup>
  <ItemGroup>
    <ClInclude Include="..\src\News.h">
      <Filter>Header Files</Filter>
    </ClInclude>
    <ClInclude Include="..\src\NewsPublisher.h">
      <Filter>Header Files</Filter>
    </ClInclude>
    <ClInclude Include="..\src\NewsSubscriber.h">
      <Filter>Header Files</Filter>
    </ClInclude>
  </ItemGroup>
  <ItemGroup>
    <ClCompile Include="..\src\News.c">
      <Filter>Source Files</Filter>
    </ClCompile>
    <ClCompile Include="..\src\NewsPublisher.c">
      <Filter>Source Files</Filter>
    </ClCompile>
    <ClCompile Include="..\src\NewsSubscriber.c">
      <Filter>Source Files</Filter>
    </ClCompile>
  </ItemGroup>
</Project>