Microsoft Visual Studio Solution File, Format Version 8.00
Project("{8BC9CEB8-8B4A-11D0-8D11-00A0C91BC942}") = "News-i86Win32VS2003", "News-i86Win32VS2003.vcproj", "{02A11271-55C1-415E-B0EE-243F40B6B224}"
	ProjectSection(ProjectDependencies) = postProject
	EndProjectSection
EndProject
Global
	GlobalSection(SolutionConfiguration) = preSolution
		Debug = Debug
		Debug DLL = Debug DLL
		Release = Release
		Release DLL = Release DLL
	EndGlobalSection
	GlobalSection(ProjectConfiguration) = postSolution
		{02A11271-55C1-415E-B0EE-243F40B6B224}.Debug.ActiveCfg = Debug|Win32
		{02A11271-55C1-415E-B0EE-243F40B6B224}.Debug.Build.0 = Debug|Win32
		{02A11271-55C1-415E-B0EE-243F40B6B224}.Debug DLL.ActiveCfg = Debug DLL|Win32
		{02A11271-55C1-415E-B0EE-243F40B6B224}.Debug DLL.Build.0 = Debug DLL|Win32
		{02A11271-55C1-415E-B0EE-243F40B6B224}.Release.ActiveCfg = Release|Win32
		{02A11271-55C1-415E-B0EE-243F40B6B224}.Release.Build.0 = Release|Win32
		{02A11271-55C1-415E-B0EE-243F40B6B224}.Release DLL.ActiveCfg = Release DLL|Win32
		{02A11271-55C1-415E-B0EE-243F40B6B224}.Release DLL.Build.0 = Release DLL|Win32
	EndGlobalSection
	GlobalSection(ExtensibilityGlobals) = postSolution
	EndGlobalSection
	GlobalSection(ExtensibilityAddIns) = postSolution
	EndGlobalSection
EndGlobal
