<?xml version="1.0" encoding="utf-8"?>
<Project ToolsVersion="4.0" xmlns="http://schemas.microsoft.com/developer/msbuild/2003">
  <ItemGroup>
    <Filter Include="Header Files">
      <UniqueIdentifier>{53574549-fbe2-4467-98ff-c3b448717a1d}</UniqueIdentifier>
      <Extensions>h;hpp;hxx;hm;inl</Extensions>
    </Filter>
    <Filter Include="Source Files">
      <UniqueIdentifier>{7b23c5f6-80ff-4965-b3d8-5be9b74214bb}</UniqueIdentifier>
      <Extensions>ico;cur;bmp;dlg;rc2;rct;bin;rgs;gif;jpg;jpeg;jpe</Extensions>
    </Filter>
  </ItemGroup>
  <ItemGroup>
    <ClInclude Include="..\src\Hello.h">
      <Filter>Header Files</Filter>
    </ClInclude>
    <ClInclude Include="..\src\HelloPublisher.h">
      <Filter>Header Files</Filter>
    </ClInclude>
    <ClInclude Include="..\src\HelloSubscriber.h">
      <Filter>Header Files</Filter>
    </ClInclude>
    <ClInclude Include="..\src\HelloWorldType.h">
      <Filter>Header Files</Filter>
    </ClInclude>
  </ItemGroup>
  <ItemGroup>
    <ClCompile Include="..\src\Hello.c">
      <Filter>Source Files</Filter>
    </ClCompile>
    <ClCompile Include="..\src\HelloPublisher.c">
      <Filter>Source Files</Filter>
    </ClCompile>
    <ClCompile Include="..\src\HelloSubscriber.c">
      <Filter>Source Files</Filter>
    </ClCompile>
    <ClCompile Include="..\src\HelloWorldType.c">
      <Filter>Source Files</Filter>
    </ClCompile>
  </ItemGroup>
</Project>